
Microsoft Visual Studio Solution File, Format Version 12.00
# Visual Studio Version 16
VisualStudioVersion = 16.0.28309.60
MinimumVisualStudioVersion = 10.0.40219.1
Project("{9A19103F-16F7-4668-BE54-9A1E7A4F7556}") = "NET_20", "2.1.202\NET_20\NET_20.csproj", "{3A18B711-CD5E-4CEC-BE79-55064D2F368F}"
EndProject
Project("{9A19103F-16F7-4668-BE54-9A1E7A4F7556}") = "NET_21", "2.1.302\NET_21\NET_21.csproj", "{17EFA7E8-5A5A-4ED9-9792-286DD0D909ED}"
EndProject
Project("{9A19103F-16F7-4668-BE54-9A1E7A4F7556}") = "NETCORE_20", "2.1.202\NETCORE_20\NETCORE_20.csproj", "{F4140B15-7DF4-4E4C-BE5C-D88E123D8633}"
EndProject
Project("{9A19103F-16F7-4668-BE54-9A1E7A4F7556}") = "NETCORE_21", "2.1.302\NETCORE_21\NETCORE_21.csproj", "{D1665210-A0F5-4FE6-9052-68169B5072C8}"
EndProject
Project("{9A19103F-16F7-4668-BE54-9A1E7A4F7556}") = "Template21", "2.1.302\Template21\Template21.csproj", "{F54149D7-B4F2-4F5B-807C-BF5BC3B2F7E5}"
EndProject
Project("{9A19103F-16F7-4668-BE54-9A1E7A4F7556}") = "ConsoleApp", "ConsoleApp\ConsoleApp.csproj", "{807CD4A0-1EDF-4A27-B19B-2422C6D1C37E}"
EndProject
Project("{9A19103F-16F7-4668-BE54-9A1E7A4F7556}") = "Template22", "2.2.100\Template22\Template22.csproj", "{DAE341E7-56A3-4237-A615-1022168D8641}"
EndProject
Project("{FAE04EC0-301F-11D3-BF4B-00C04F79EFBC}") = "UWPClient", "UWPClient\UWPClient.csproj", "{345B454C-952D-461D-BF8B-A65D485CC387}"
EndProject
Global
	GlobalSection(SolutionConfigurationPlatforms) = preSolution
		Debug|Any CPU = Debug|Any CPU
		Debug|ARM = Debug|ARM
		Debug|ARM64 = Debug|ARM64
		Debug|x64 = Debug|x64
		Debug|x86 = Debug|x86
		Release|Any CPU = Release|Any CPU
		Release|ARM = Release|ARM
		Release|ARM64 = Release|ARM64
		Release|x64 = Release|x64
		Release|x86 = Release|x86
	EndGlobalSection
	GlobalSection(ProjectConfigurationPlatforms) = postSolution
		{3A18B711-CD5E-4CEC-BE79-55064D2F368F}.Debug|Any CPU.ActiveCfg = Debug|Any CPU
		{3A18B711-CD5E-4CEC-BE79-55064D2F368F}.Debug|Any CPU.Build.0 = Debug|Any CPU
		{3A18B711-CD5E-4CEC-BE79-55064D2F368F}.Debug|ARM.ActiveCfg = Debug|Any CPU
		{3A18B711-CD5E-4CEC-BE79-55064D2F368F}.Debug|ARM.Build.0 = Debug|Any CPU
		{3A18B711-CD5E-4CEC-BE79-55064D2F368F}.Debug|ARM64.ActiveCfg = Debug|Any CPU
		{3A18B711-CD5E-4CEC-BE79-55064D2F368F}.Debug|ARM64.Build.0 = Debug|Any CPU
		{3A18B711-CD5E-4CEC-BE79-55064D2F368F}.Debug|x64.ActiveCfg = Debug|Any CPU
		{3A18B711-CD5E-4CEC-BE79-55064D2F368F}.Debug|x64.Build.0 = Debug|Any CPU
		{3A18B711-CD5E-4CEC-BE79-55064D2F368F}.Debug|x86.ActiveCfg = Debug|Any CPU
		{3A18B711-CD5E-4CEC-BE79-55064D2F368F}.Debug|x86.Build.0 = Debug|Any CPU
		{3A18B711-CD5E-4CEC-BE79-55064D2F368F}.Release|Any CPU.ActiveCfg = Release|Any CPU
		{3A18B711-CD5E-4CEC-BE79-55064D2F368F}.Release|Any CPU.Build.0 = Release|Any CPU
		{3A18B711-CD5E-4CEC-BE79-55064D2F368F}.Release|ARM.ActiveCfg = Release|Any CPU
		{3A18B711-CD5E-4CEC-BE79-55064D2F368F}.Release|ARM.Build.0 = Release|Any CPU
		{3A18B711-CD5E-4CEC-BE79-55064D2F368F}.Release|ARM64.ActiveCfg = Release|Any CPU
		{3A18B711-CD5E-4CEC-BE79-55064D2F368F}.Release|ARM64.Build.0 = Release|Any CPU
		{3A18B711-CD5E-4CEC-BE79-55064D2F368F}.Release|x64.ActiveCfg = Release|Any CPU
		{3A18B711-CD5E-4CEC-BE79-55064D2F368F}.Release|x64.Build.0 = Release|Any CPU
		{3A18B711-CD5E-4CEC-BE79-55064D2F368F}.Release|x86.ActiveCfg = Release|Any CPU
		{3A18B711-CD5E-4CEC-BE79-55064D2F368F}.Release|x86.Build.0 = Release|Any CPU
		{17EFA7E8-5A5A-4ED9-9792-286DD0D909ED}.Debug|Any CPU.ActiveCfg = Debug|Any CPU
		{17EFA7E8-5A5A-4ED9-9792-286DD0D909ED}.Debug|Any CPU.Build.0 = Debug|Any CPU
		{17EFA7E8-5A5A-4ED9-9792-286DD0D909ED}.Debug|ARM.ActiveCfg = Debug|Any CPU
		{17EFA7E8-5A5A-4ED9-9792-286DD0D909ED}.Debug|ARM.Build.0 = Debug|Any CPU
		{17EFA7E8-5A5A-4ED9-9792-286DD0D909ED}.Debug|ARM64.ActiveCfg = Debug|Any CPU
		{17EFA7E8-5A5A-4ED9-9792-286DD0D909ED}.Debug|ARM64.Build.0 = Debug|Any CPU
		{17EFA7E8-5A5A-4ED9-9792-286DD0D909ED}.Debug|x64.ActiveCfg = Debug|Any CPU
		{17EFA7E8-5A5A-4ED9-9792-286DD0D909ED}.Debug|x64.Build.0 = Debug|Any CPU
		{17EFA7E8-5A5A-4ED9-9792-286DD0D909ED}.Debug|x86.ActiveCfg = Debug|Any CPU
		{17EFA7E8-5A5A-4ED9-9792-286DD0D909ED}.Debug|x86.Build.0 = Debug|Any CPU
		{17EFA7E8-5A5A-4ED9-9792-286DD0D909ED}.Release|Any CPU.ActiveCfg = Release|Any CPU
		{17EFA7E8-5A5A-4ED9-9792-286DD0D909ED}.Release|Any CPU.Build.0 = Release|Any CPU
		{17EFA7E8-5A5A-4ED9-9792-286DD0D909ED}.Release|ARM.ActiveCfg = Release|Any CPU
		{17EFA7E8-5A5A-4ED9-9792-286DD0D909ED}.Release|ARM.Build.0 = Release|Any CPU
		{17EFA7E8-5A5A-4ED9-9792-286DD0D909ED}.Release|ARM64.ActiveCfg = Release|Any CPU
		{17EFA7E8-5A5A-4ED9-9792-286DD0D909ED}.Release|ARM64.Build.0 = Release|Any CPU
		{17EFA7E8-5A5A-4ED9-9792-286DD0D909ED}.Release|x64.ActiveCfg = Release|Any CPU
		{17EFA7E8-5A5A-4ED9-9792-286DD0D909ED}.Release|x64.Build.0 = Release|Any CPU
		{17EFA7E8-5A5A-4ED9-9792-286DD0D909ED}.Release|x86.ActiveCfg = Release|Any CPU
		{17EFA7E8-5A5A-4ED9-9792-286DD0D909ED}.Release|x86.Build.0 = Release|Any CPU
		{F4140B15-7DF4-4E4C-BE5C-D88E123D8633}.Debug|Any CPU.ActiveCfg = Debug|Any CPU
		{F4140B15-7DF4-4E4C-BE5C-D88E123D8633}.Debug|Any CPU.Build.0 = Debug|Any CPU
		{F4140B15-7DF4-4E4C-BE5C-D88E123D8633}.Debug|ARM.ActiveCfg = Debug|Any CPU
		{F4140B15-7DF4-4E4C-BE5C-D88E123D8633}.Debug|ARM.Build.0 = Debug|Any CPU
		{F4140B15-7DF4-4E4C-BE5C-D88E123D8633}.Debug|ARM64.ActiveCfg = Debug|Any CPU
		{F4140B15-7DF4-4E4C-BE5C-D88E123D8633}.Debug|ARM64.Build.0 = Debug|Any CPU
		{F4140B15-7DF4-4E4C-BE5C-D88E123D8633}.Debug|x64.ActiveCfg = Debug|Any CPU
		{F4140B15-7DF4-4E4C-BE5C-D88E123D8633}.Debug|x64.Build.0 = Debug|Any CPU
		{F4140B15-7DF4-4E4C-BE5C-D88E123D8633}.Debug|x86.ActiveCfg = Debug|Any CPU
		{F4140B15-7DF4-4E4C-BE5C-D88E123D8633}.Debug|x86.Build.0 = Debug|Any CPU
		{F4140B15-7DF4-4E4C-BE5C-D88E123D8633}.Release|Any CPU.ActiveCfg = Release|Any CPU
		{F4140B15-7DF4-4E4C-BE5C-D88E123D8633}.Release|Any CPU.Build.0 = Release|Any CPU
		{F4140B15-7DF4-4E4C-BE5C-D88E123D8633}.Release|ARM.ActiveCfg = Release|Any CPU
		{F4140B15-7DF4-4E4C-BE5C-D88E123D8633}.Release|ARM.Build.0 = Release|Any CPU
		{F4140B15-7DF4-4E4C-BE5C-D88E123D8633}.Release|ARM64.ActiveCfg = Release|Any CPU
		{F4140B15-7DF4-4E4C-BE5C-D88E123D8633}.Release|ARM64.Build.0 = Release|Any CPU
		{F4140B15-7DF4-4E4C-BE5C-D88E123D8633}.Release|x64.ActiveCfg = Release|Any CPU
		{F4140B15-7DF4-4E4C-BE5C-D88E123D8633}.Release|x64.Build.0 = Release|Any CPU
		{F4140B15-7DF4-4E4C-BE5C-D88E123D8633}.Release|x86.ActiveCfg = Release|Any CPU
		{F4140B15-7DF4-4E4C-BE5C-D88E123D8633}.Release|x86.Build.0 = Release|Any CPU
		{D1665210-A0F5-4FE6-9052-68169B5072C8}.Debug|Any CPU.ActiveCfg = Debug|Any CPU
		{D1665210-A0F5-4FE6-9052-68169B5072C8}.Debug|Any CPU.Build.0 = Debug|Any CPU
		{D1665210-A0F5-4FE6-9052-68169B5072C8}.Debug|ARM.ActiveCfg = Debug|Any CPU
		{D1665210-A0F5-4FE6-9052-68169B5072C8}.Debug|ARM.Build.0 = Debug|Any CPU
		{D1665210-A0F5-4FE6-9052-68169B5072C8}.Debug|ARM64.ActiveCfg = Debug|Any CPU
		{D1665210-A0F5-4FE6-9052-68169B5072C8}.Debug|ARM64.Build.0 = Debug|Any CPU
		{D1665210-A0F5-4FE6-9052-68169B5072C8}.Debug|x64.ActiveCfg = Debug|Any CPU
		{D1665210-A0F5-4FE6-9052-68169B5072C8}.Debug|x64.Build.0 = Debug|Any CPU
		{D1665210-A0F5-4FE6-9052-68169B5072C8}.Debug|x86.ActiveCfg = Debug|Any CPU
		{D1665210-A0F5-4FE6-9052-68169B5072C8}.Debug|x86.Build.0 = Debug|Any CPU
		{D1665210-A0F5-4FE6-9052-68169B5072C8}.Release|Any CPU.ActiveCfg = Release|Any CPU
		{D1665210-A0F5-4FE6-9052-68169B5072C8}.Release|Any CPU.Build.0 = Release|Any CPU
		{D1665210-A0F5-4FE6-9052-68169B5072C8}.Release|ARM.ActiveCfg = Release|Any CPU
		{D1665210-A0F5-4FE6-9052-68169B5072C8}.Release|ARM.Build.0 = Release|Any CPU
		{D1665210-A0F5-4FE6-9052-68169B5072C8}.Release|ARM64.ActiveCfg = Release|Any CPU
		{D1665210-A0F5-4FE6-9052-68169B5072C8}.Release|ARM64.Build.0 = Release|Any CPU
		{D1665210-A0F5-4FE6-9052-68169B5072C8}.Release|x64.ActiveCfg = Release|Any CPU
		{D1665210-A0F5-4FE6-9052-68169B5072C8}.Release|x64.Build.0 = Release|Any CPU
		{D1665210-A0F5-4FE6-9052-68169B5072C8}.Release|x86.ActiveCfg = Release|Any CPU
		{D1665210-A0F5-4FE6-9052-68169B5072C8}.Release|x86.Build.0 = Release|Any CPU
		{F54149D7-B4F2-4F5B-807C-BF5BC3B2F7E5}.Debug|Any CPU.ActiveCfg = Debug|Any CPU
		{F54149D7-B4F2-4F5B-807C-BF5BC3B2F7E5}.Debug|Any CPU.Build.0 = Debug|Any CPU
		{F54149D7-B4F2-4F5B-807C-BF5BC3B2F7E5}.Debug|ARM.ActiveCfg = Debug|Any CPU
		{F54149D7-B4F2-4F5B-807C-BF5BC3B2F7E5}.Debug|ARM.Build.0 = Debug|Any CPU
		{F54149D7-B4F2-4F5B-807C-BF5BC3B2F7E5}.Debug|ARM64.ActiveCfg = Debug|Any CPU
		{F54149D7-B4F2-4F5B-807C-BF5BC3B2F7E5}.Debug|ARM64.Build.0 = Debug|Any CPU
		{F54149D7-B4F2-4F5B-807C-BF5BC3B2F7E5}.Debug|x64.ActiveCfg = Debug|Any CPU
		{F54149D7-B4F2-4F5B-807C-BF5BC3B2F7E5}.Debug|x64.Build.0 = Debug|Any CPU
		{F54149D7-B4F2-4F5B-807C-BF5BC3B2F7E5}.Debug|x86.ActiveCfg = Debug|Any CPU
		{F54149D7-B4F2-4F5B-807C-BF5BC3B2F7E5}.Debug|x86.Build.0 = Debug|Any CPU
		{F54149D7-B4F2-4F5B-807C-BF5BC3B2F7E5}.Release|Any CPU.ActiveCfg = Release|Any CPU
		{F54149D7-B4F2-4F5B-807C-BF5BC3B2F7E5}.Release|Any CPU.Build.0 = Release|Any CPU
		{F54149D7-B4F2-4F5B-807C-BF5BC3B2F7E5}.Release|ARM.ActiveCfg = Release|Any CPU
		{F54149D7-B4F2-4F5B-807C-BF5BC3B2F7E5}.Release|ARM.Build.0 = Release|Any CPU
		{F54149D7-B4F2-4F5B-807C-BF5BC3B2F7E5}.Release|ARM64.ActiveCfg = Release|Any CPU
		{F54149D7-B4F2-4F5B-807C-BF5BC3B2F7E5}.Release|ARM64.Build.0 = Release|Any CPU
		{F54149D7-B4F2-4F5B-807C-BF5BC3B2F7E5}.Release|x64.ActiveCfg = Release|Any CPU
		{F54149D7-B4F2-4F5B-807C-BF5BC3B2F7E5}.Release|x64.Build.0 = Release|Any CPU
		{F54149D7-B4F2-4F5B-807C-BF5BC3B2F7E5}.Release|x86.ActiveCfg = Release|Any CPU
		{F54149D7-B4F2-4F5B-807C-BF5BC3B2F7E5}.Release|x86.Build.0 = Release|Any CPU
		{807CD4A0-1EDF-4A27-B19B-2422C6D1C37E}.Debug|Any CPU.ActiveCfg = Debug|Any CPU
		{807CD4A0-1EDF-4A27-B19B-2422C6D1C37E}.Debug|Any CPU.Build.0 = Debug|Any CPU
		{807CD4A0-1EDF-4A27-B19B-2422C6D1C37E}.Debug|ARM.ActiveCfg = Debug|Any CPU
		{807CD4A0-1EDF-4A27-B19B-2422C6D1C37E}.Debug|ARM.Build.0 = Debug|Any CPU
		{807CD4A0-1EDF-4A27-B19B-2422C6D1C37E}.Debug|ARM64.ActiveCfg = Debug|Any CPU
		{807CD4A0-1EDF-4A27-B19B-2422C6D1C37E}.Debug|ARM64.Build.0 = Debug|Any CPU
		{807CD4A0-1EDF-4A27-B19B-2422C6D1C37E}.Debug|x64.ActiveCfg = Debug|Any CPU
		{807CD4A0-1EDF-4A27-B19B-2422C6D1C37E}.Debug|x64.Build.0 = Debug|Any CPU
		{807CD4A0-1EDF-4A27-B19B-2422C6D1C37E}.Debug|x86.ActiveCfg = Debug|Any CPU
		{807CD4A0-1EDF-4A27-B19B-2422C6D1C37E}.Debug|x86.Build.0 = Debug|Any CPU
		{807CD4A0-1EDF-4A27-B19B-2422C6D1C37E}.Release|Any CPU.ActiveCfg = Release|Any CPU
		{807CD4A0-1EDF-4A27-B19B-2422C6D1C37E}.Release|Any CPU.Build.0 = Release|Any CPU
		{807CD4A0-1EDF-4A27-B19B-2422C6D1C37E}.Release|ARM.ActiveCfg = Release|Any CPU
		{807CD4A0-1EDF-4A27-B19B-2422C6D1C37E}.Release|ARM.Build.0 = Release|Any CPU
		{807CD4A0-1EDF-4A27-B19B-2422C6D1C37E}.Release|ARM64.ActiveCfg = Release|Any CPU
		{807CD4A0-1EDF-4A27-B19B-2422C6D1C37E}.Release|ARM64.Build.0 = Release|Any CPU
		{807CD4A0-1EDF-4A27-B19B-2422C6D1C37E}.Release|x64.ActiveCfg = Release|Any CPU
		{807CD4A0-1EDF-4A27-B19B-2422C6D1C37E}.Release|x64.Build.0 = Release|Any CPU
		{807CD4A0-1EDF-4A27-B19B-2422C6D1C37E}.Release|x86.ActiveCfg = Release|Any CPU
		{807CD4A0-1EDF-4A27-B19B-2422C6D1C37E}.Release|x86.Build.0 = Release|Any CPU
		{DAE341E7-56A3-4237-A615-1022168D8641}.Debug|Any CPU.ActiveCfg = Debug|Any CPU
		{DAE341E7-56A3-4237-A615-1022168D8641}.Debug|Any CPU.Build.0 = Debug|Any CPU
		{DAE341E7-56A3-4237-A615-1022168D8641}.Debug|ARM.ActiveCfg = Debug|Any CPU
		{DAE341E7-56A3-4237-A615-1022168D8641}.Debug|ARM.Build.0 = Debug|Any CPU
		{DAE341E7-56A3-4237-A615-1022168D8641}.Debug|ARM64.ActiveCfg = Debug|Any CPU
		{DAE341E7-56A3-4237-A615-1022168D8641}.Debug|ARM64.Build.0 = Debug|Any CPU
		{DAE341E7-56A3-4237-A615-1022168D8641}.Debug|x64.ActiveCfg = Debug|Any CPU
		{DAE341E7-56A3-4237-A615-1022168D8641}.Debug|x64.Build.0 = Debug|Any CPU
		{DAE341E7-56A3-4237-A615-1022168D8641}.Debug|x86.ActiveCfg = Debug|Any CPU
		{DAE341E7-56A3-4237-A615-1022168D8641}.Debug|x86.Build.0 = Debug|Any CPU
		{DAE341E7-56A3-4237-A615-1022168D8641}.Release|Any CPU.ActiveCfg = Release|Any CPU
		{DAE341E7-56A3-4237-A615-1022168D8641}.Release|Any CPU.Build.0 = Release|Any CPU
		{DAE341E7-56A3-4237-A615-1022168D8641}.Release|ARM.ActiveCfg = Release|Any CPU
		{DAE341E7-56A3-4237-A615-1022168D8641}.Release|ARM.Build.0 = Release|Any CPU
		{DAE341E7-56A3-4237-A615-1022168D8641}.Release|ARM64.ActiveCfg = Release|Any CPU
		{DAE341E7-56A3-4237-A615-1022168D8641}.Release|ARM64.Build.0 = Release|Any CPU
		{DAE341E7-56A3-4237-A615-1022168D8641}.Release|x64.ActiveCfg = Release|Any CPU
		{DAE341E7-56A3-4237-A615-1022168D8641}.Release|x64.Build.0 = Release|Any CPU
		{DAE341E7-56A3-4237-A615-1022168D8641}.Release|x86.ActiveCfg = Release|Any CPU
		{DAE341E7-56A3-4237-A615-1022168D8641}.Release|x86.Build.0 = Release|Any CPU
		{345B454C-952D-461D-BF8B-A65D485CC387}.Debug|Any CPU.ActiveCfg = Debug|x86
		{345B454C-952D-461D-BF8B-A65D485CC387}.Debug|Any CPU.Build.0 = Debug|x86
		{345B454C-952D-461D-BF8B-A65D485CC387}.Debug|Any CPU.Deploy.0 = Debug|x86
		{345B454C-952D-461D-BF8B-A65D485CC387}.Debug|ARM.ActiveCfg = Debug|ARM
		{345B454C-952D-461D-BF8B-A65D485CC387}.Debug|ARM.Build.0 = Debug|ARM
		{345B454C-952D-461D-BF8B-A65D485CC387}.Debug|ARM.Deploy.0 = Debug|ARM
		{345B454C-952D-461D-BF8B-A65D485CC387}.Debug|ARM64.ActiveCfg = Debug|ARM64
		{345B454C-952D-461D-BF8B-A65D485CC387}.Debug|ARM64.Build.0 = Debug|ARM64
		{345B454C-952D-461D-BF8B-A65D485CC387}.Debug|ARM64.Deploy.0 = Debug|ARM64
		{345B454C-952D-461D-BF8B-A65D485CC387}.Debug|x64.ActiveCfg = Debug|x64
		{345B454C-952D-461D-BF8B-A65D485CC387}.Debug|x64.Build.0 = Debug|x64
		{345B454C-952D-461D-BF8B-A65D485CC387}.Debug|x64.Deploy.0 = Debug|x64
		{345B454C-952D-461D-BF8B-A65D485CC387}.Debug|x86.ActiveCfg = Debug|x86
		{345B454C-952D-461D-BF8B-A65D485CC387}.Debug|x86.Build.0 = Debug|x86
		{345B454C-952D-461D-BF8B-A65D485CC387}.Debug|x86.Deploy.0 = Debug|x86
		{345B454C-952D-461D-BF8B-A65D485CC387}.Release|Any CPU.ActiveCfg = Release|x86
		{345B454C-952D-461D-BF8B-A65D485CC387}.Release|ARM.ActiveCfg = Release|ARM
		{345B454C-952D-461D-BF8B-A65D485CC387}.Release|ARM.Build.0 = Release|ARM
		{345B454C-952D-461D-BF8B-A65D485CC387}.Release|ARM.Deploy.0 = Release|ARM
		{345B454C-952D-461D-BF8B-A65D485CC387}.Release|ARM64.ActiveCfg = Release|ARM64
		{345B454C-952D-461D-BF8B-A65D485CC387}.Release|ARM64.Build.0 = Release|ARM64
		{345B454C-952D-461D-BF8B-A65D485CC387}.Release|ARM64.Deploy.0 = Release|ARM64
		{345B454C-952D-461D-BF8B-A65D485CC387}.Release|x64.ActiveCfg = Release|x64
		{345B454C-952D-461D-BF8B-A65D485CC387}.Release|x64.Build.0 = Release|x64
		{345B454C-952D-461D-BF8B-A65D485CC387}.Release|x64.Deploy.0 = Release|x64
		{345B454C-952D-461D-BF8B-A65D485CC387}.Release|x86.ActiveCfg = Release|x86
		{345B454C-952D-461D-BF8B-A65D485CC387}.Release|x86.Build.0 = Release|x86
		{345B454C-952D-461D-BF8B-A65D485CC387}.Release|x86.Deploy.0 = Release|x86
	EndGlobalSection
	GlobalSection(SolutionProperties) = preSolution
		HideSolutionNode = FALSE
	EndGlobalSection
	GlobalSection(ExtensibilityGlobals) = postSolution
		SolutionGuid = {BCE3D9C8-C203-4495-BD6D-8B0670457E6A}
	EndGlobalSection
EndGlobal
